{
  "name": "car-nanny",
  "version": "1.0.0",
  "lockfileVersion": 3,
  "requires": true,
  "packages": {
    "": {
      "name": "car-nanny",
      "version": "1.0.0",
      "dependencies": {
        "tdesign-miniprogram": "^1.0.0-rc.2"
      },
      "devDependencies": {
        "miniprogram-api-typings": "^3.9.1"
      }
    },
    "node_modules/dayjs": {
      "version": "1.11.7",
      "resolved": "https://registry.npmmirror.com/dayjs/-/dayjs-1.11.7.tgz",
      "integrity": "sha512-+Yw9U6YO5TQohxLcIkrXBeY73WP3ejHWVvx8XCk3gxvQDCTEmS48ZrSZCKciI7Bhl/uCMyxYtE9UqRILmFphkQ=="
    },
    "node_modules/miniprogram-api-typings": {
      "version": "3.9.1",
      "resolved": "https://registry.npmmirror.com/miniprogram-api-typings/-/miniprogram-api-typings-3.9.1.tgz",
      "integrity": "sha512-oyratzOWyuFhBzONp06l0FBPu03ltCd1sRWoy2v38SnAKxtpZ8ySLTSEw//hIsBdocMda7fFZEjOG57L57mcUw==",
      "dev": true
    },
    "node_modules/tdesign-miniprogram": {
      "version": "1.0.0-rc.2",
      "resolved": "https://registry.npmmirror.com/tdesign-miniprogram/-/tdesign-miniprogram-1.0.0-rc.2.tgz",
      "integrity": "sha512-uOdsbgHuycy2q2tmABI8jAoiLJOdNgiFdI4g9iD3wxTQFhwAxy5989O1JMwdbQLf/2V5UzIAD7K7+ZU5xrGDcQ==",
      "dependencies": {
        "dayjs": "^1.10.7"
      }
    }
  }
}
